
Microsoft Visual Studio Solution File, Format Version 12.00
# Visual Studio Version 17
VisualStudioVersion = 17.11.35222.181
MinimumVisualStudioVersion = 10.0.40219.1
Project("{FAE04EC0-301F-11D3-BF4B-00C04F79EFBC}") = "API", "API\API.csproj", "{14E0315F-9DFE-4A39-90FB-4DE57AB6F9D5}"
EndProject
Project("{FAE04EC0-301F-11D3-BF4B-00C04F79EFBC}") = "Application", "Application\Application.csproj", "{7F0533DE-1E74-4278-AA60-977C4CEB2A67}"
EndProject
Project("{FAE04EC0-301F-11D3-BF4B-00C04F79EFBC}") = "Infrastructure", "Infrastructure\Infrastructure.csproj", "{BD31C84E-2933-45BC-8A6C-1611DD429B1F}"
EndProject
Project("{FAE04EC0-301F-11D3-BF4B-00C04F79EFBC}") = "Domain", "Domain\Domain.csproj", "{E03591C0-57F8-462C-B431-36268F4CC9C6}"
EndProject
Project("{FAE04EC0-301F-11D3-BF4B-00C04F79EFBC}") = "Tests", "Tests\Tests.csproj", "{53CDD83D-37C6-4A39-A7DB-AFDA3278A36E}"
EndProject
Global
	GlobalSection(SolutionConfigurationPlatforms) = preSolution
		Debug|Any CPU = Debug|Any CPU
		Release|Any CPU = Release|Any CPU
	EndGlobalSection
	GlobalSection(ProjectConfigurationPlatforms) = postSolution
		{14E0315F-9DFE-4A39-90FB-4DE57AB6F9D5}.Debug|Any CPU.ActiveCfg = Debug|Any CPU
		{14E0315F-9DFE-4A39-90FB-4DE57AB6F9D5}.Debug|Any CPU.Build.0 = Debug|Any CPU
		{14E0315F-9DFE-4A39-90FB-4DE57AB6F9D5}.Release|Any CPU.ActiveCfg = Release|Any CPU
		{14E0315F-9DFE-4A39-90FB-4DE57AB6F9D5}.Release|Any CPU.Build.0 = Release|Any CPU
		{7F0533DE-1E74-4278-AA60-977C4CEB2A67}.Debug|Any CPU.ActiveCfg = Debug|Any CPU
		{7F0533DE-1E74-4278-AA60-977C4CEB2A67}.Debug|Any CPU.Build.0 = Debug|Any CPU
		{7F0533DE-1E74-4278-AA60-977C4CEB2A67}.Release|Any CPU.ActiveCfg = Release|Any CPU
		{7F0533DE-1E74-4278-AA60-977C4CEB2A67}.Release|Any CPU.Build.0 = Release|Any CPU
		{BD31C84E-2933-45BC-8A6C-1611DD429B1F}.Debug|Any CPU.ActiveCfg = Debug|Any CPU
		{BD31C84E-2933-45BC-8A6C-1611DD429B1F}.Debug|Any CPU.Build.0 = Debug|Any CPU
		{BD31C84E-2933-45BC-8A6C-1611DD429B1F}.Release|Any CPU.ActiveCfg = Release|Any CPU
		{BD31C84E-2933-45BC-8A6C-1611DD429B1F}.Release|Any CPU.Build.0 = Release|Any CPU
		{E03591C0-57F8-462C-B431-36268F4CC9C6}.Debug|Any CPU.ActiveCfg = Debug|Any CPU
		{E03591C0-57F8-462C-B431-36268F4CC9C6}.Debug|Any CPU.Build.0 = Debug|Any CPU
		{E03591C0-57F8-462C-B431-36268F4CC9C6}.Release|Any CPU.ActiveCfg = Release|Any CPU
		{E03591C0-57F8-462C-B431-36268F4CC9C6}.Release|Any CPU.Build.0 = Release|Any CPU
		{53CDD83D-37C6-4A39-A7DB-AFDA3278A36E}.Debug|Any CPU.ActiveCfg = Debug|Any CPU
		{53CDD83D-37C6-4A39-A7DB-AFDA3278A36E}.Debug|Any CPU.Build.0 = Debug|Any CPU
		{53CDD83D-37C6-4A39-A7DB-AFDA3278A36E}.Release|Any CPU.ActiveCfg = Release|Any CPU
		{53CDD83D-37C6-4A39-A7DB-AFDA3278A36E}.Release|Any CPU.Build.0 = Release|Any CPU
	EndGlobalSection
	GlobalSection(SolutionProperties) = preSolution
		HideSolutionNode = FALSE
	EndGlobalSection
	GlobalSection(ExtensibilityGlobals) = postSolution
		SolutionGuid = {DDE9C18C-B188-4F8C-9A59-283251F0C834}
	EndGlobalSection
EndGlobal
